// !$*UTF8*$!
{
	archiveVersion = 1;
	classes = {
	};
	objectVersion = 50;
	objects = {

/* Begin PBXBuildFile section */
		E05D5D3F22D8F301002BD4EF /* AppDelegate.swift in Sources */ = {isa = PBXBuildFile; fileRef = E05D5D3E22D8F301002BD4EF /* AppDelegate.swift */; };
		E05D5D4422D8F301002BD4EF /* Main.storyboard in Resources */ = {isa = PBXBuildFile; fileRef = E05D5D4222D8F301002BD4EF /* Main.storyboard */; };
		E05D5D4622D8F303002BD4EF /* Assets.xcassets in Resources */ = {isa = PBXBuildFile; fileRef = E05D5D4522D8F303002BD4EF /* Assets.xcassets */; };
		E05D5D4922D8F303002BD4EF /* LaunchScreen.storyboard in Resources */ = {isa = PBXBuildFile; fileRef = E05D5D4722D8F303002BD4EF /* LaunchScreen.storyboard */; };
		E05D5D5422D8F303002BD4EF /* ChellengeFeriasTests.swift in Sources */ = {isa = PBXBuildFile; fileRef = E05D5D5322D8F303002BD4EF /* ChellengeFeriasTests.swift */; };
		E05D5D5F22D8F303002BD4EF /* ChellengeFeriasUITests.swift in Sources */ = {isa = PBXBuildFile; fileRef = E05D5D5E22D8F303002BD4EF /* ChellengeFeriasUITests.swift */; };
		E064D28422F37D3C00912690 /* PermanenceService.swift in Sources */ = {isa = PBXBuildFile; fileRef = E064D28322F37D3C00912690 /* PermanenceService.swift */; };
		E064D28A22F49F8800912690 /* CoreData.xcdatamodeld in Sources */ = {isa = PBXBuildFile; fileRef = E064D28822F49F8700912690 /* CoreData.xcdatamodeld */; };
		E064D29222F4A57300912690 /* NoticiasSalvasTVC.swift in Sources */ = {isa = PBXBuildFile; fileRef = E064D29122F4A57300912690 /* NoticiasSalvasTVC.swift */; };
		E064D29422F4AC2C00912690 /* NoticiasSalvasCellCard.swift in Sources */ = {isa = PBXBuildFile; fileRef = E064D29322F4AC2C00912690 /* NoticiasSalvasCellCard.swift */; };
		E064D29822F4AF1900912690 /* NoticiaSalvaTVC.swift in Sources */ = {isa = PBXBuildFile; fileRef = E064D29722F4AF1900912690 /* NoticiaSalvaTVC.swift */; };
		E064D29B22F4B0D700912690 /* NoticiaSalvaImagemCell.swift in Sources */ = {isa = PBXBuildFile; fileRef = E064D29A22F4B0D700912690 /* NoticiaSalvaImagemCell.swift */; };
		E064D29D22F4B18B00912690 /* NoticiaSalvaTituloCell.swift in Sources */ = {isa = PBXBuildFile; fileRef = E064D29C22F4B18B00912690 /* NoticiaSalvaTituloCell.swift */; };
		E064D29F22F4B22400912690 /* NoticiaSalvaConteudoCell.swift in Sources */ = {isa = PBXBuildFile; fileRef = E064D29E22F4B22400912690 /* NoticiaSalvaConteudoCell.swift */; };
		E064D2A222F4B76800912690 /* NewsSave+CoreDataClass.swift in Sources */ = {isa = PBXBuildFile; fileRef = E064D2A022F4B76800912690 /* NewsSave+CoreDataClass.swift */; };
		E064D2A322F4B76800912690 /* NewsSave+CoreDataProperties.swift in Sources */ = {isa = PBXBuildFile; fileRef = E064D2A122F4B76800912690 /* NewsSave+CoreDataProperties.swift */; };
		E064D2A522F4D0ED00912690 /* fileHelper.swift in Sources */ = {isa = PBXBuildFile; fileRef = E064D2A422F4D0EC00912690 /* fileHelper.swift */; };
		E064D2A722F4EBA300912690 /* deleteAll.swift in Sources */ = {isa = PBXBuildFile; fileRef = E064D2A622F4EBA300912690 /* deleteAll.swift */; };
		E07FDA5122DCDDC900FBB5AB /* Anonymous_Pro_B.ttf in Resources */ = {isa = PBXBuildFile; fileRef = E07FDA5022DCDDC900FBB5AB /* Anonymous_Pro_B.ttf */; };
		E07FDA9322E282B600FBB5AB /* NewsCellCard.swift in Sources */ = {isa = PBXBuildFile; fileRef = E07FDA9222E282B600FBB5AB /* NewsCellCard.swift */; };
		E07FDA9522E283A000FBB5AB /* News.swift in Sources */ = {isa = PBXBuildFile; fileRef = E07FDA9422E283A000FBB5AB /* News.swift */; };
		E07FDA9722E2895C00FBB5AB /* NewsTVC.swift in Sources */ = {isa = PBXBuildFile; fileRef = E07FDA9622E2895C00FBB5AB /* NewsTVC.swift */; };
		E07FDA9922E28F6D00FBB5AB /* NoticiaTVC.swift in Sources */ = {isa = PBXBuildFile; fileRef = E07FDA9822E28F6D00FBB5AB /* NoticiaTVC.swift */; };
		E07FDA9B22E2989D00FBB5AB /* NoticiaCellFoto.swift in Sources */ = {isa = PBXBuildFile; fileRef = E07FDA9A22E2989D00FBB5AB /* NoticiaCellFoto.swift */; };
		E07FDA9D22E29AAA00FBB5AB /* NoticiaConteudoCell.swift in Sources */ = {isa = PBXBuildFile; fileRef = E07FDA9C22E29AAA00FBB5AB /* NoticiaConteudoCell.swift */; };
		E0BAA7BC22EB3F74008E1AA1 /* NoticiaCellTitulo.swift in Sources */ = {isa = PBXBuildFile; fileRef = E0BAA7BB22EB3F74008E1AA1 /* NoticiaCellTitulo.swift */; };
		E0BAA88622EE30C2008E1AA1 /* Notifications.json in Resources */ = {isa = PBXBuildFile; fileRef = E0BAA88522EE30C2008E1AA1 /* Notifications.json */; };
		E0BAA88A22EE338B008E1AA1 /* NotificacoesTVC.swift in Sources */ = {isa = PBXBuildFile; fileRef = E0BAA88922EE338B008E1AA1 /* NotificacoesTVC.swift */; };
		E0BAA88E22EF6B0E008E1AA1 /* Notifications.swift in Sources */ = {isa = PBXBuildFile; fileRef = E0BAA88D22EF6B0E008E1AA1 /* Notifications.swift */; };
		E0BAA89022F26391008E1AA1 /* Images.xcassets in Resources */ = {isa = PBXBuildFile; fileRef = E0BAA88F22F26391008E1AA1 /* Images.xcassets */; };
		E0BAA89222F3527C008E1AA1 /* cardKatie.png in Resources */ = {isa = PBXBuildFile; fileRef = E0BAA89122F3527C008E1AA1 /* cardKatie.png */; };
/* End PBXBuildFile section */

/* Begin PBXContainerItemProxy section */
		E05D5D5022D8F303002BD4EF /* PBXContainerItemProxy */ = {
			isa = PBXContainerItemProxy;
			containerPortal = E05D5D3322D8F301002BD4EF /* Project object */;
			proxyType = 1;
			remoteGlobalIDString = E05D5D3A22D8F301002BD4EF;
			remoteInfo = ChellengeFerias;
		};
		E05D5D5B22D8F303002BD4EF /* PBXContainerItemProxy */ = {
			isa = PBXContainerItemProxy;
			containerPortal = E05D5D3322D8F301002BD4EF /* Project object */;
			proxyType = 1;
			remoteGlobalIDString = E05D5D3A22D8F301002BD4EF;
			remoteInfo = ChellengeFerias;
		};
/* End PBXContainerItemProxy section */

/* Begin PBXFileReference section */
		E05D5D3B22D8F301002BD4EF /* ChellengeFerias.app */ = {isa = PBXFileReference; explicitFileType = wrapper.application; includeInIndex = 0; path = ChellengeFerias.app; sourceTree = BUILT_PRODUCTS_DIR; };
		E05D5D3E22D8F301002BD4EF /* AppDelegate.swift */ = {isa = PBXFileReference; lastKnownFileType = sourcecode.swift; path = AppDelegate.swift; sourceTree = "<group>"; };
		E05D5D4322D8F301002BD4EF /* Base */ = {isa = PBXFileReference; lastKnownFileType = file.storyboard; name = Base; path = Base.lproj/Main.storyboard; sourceTree = "<group>"; };
		E05D5D4522D8F303002BD4EF /* Assets.xcassets */ = {isa = PBXFileReference; lastKnownFileType = folder.assetcatalog; path = Assets.xcassets; sourceTree = "<group>"; };
		E05D5D4822D8F303002BD4EF /* Base */ = {isa = PBXFileReference; lastKnownFileType = file.storyboard; name = Base; path = Base.lproj/LaunchScreen.storyboard; sourceTree = "<group>"; };
		E05D5D4A22D8F303002BD4EF /* Info.plist */ = {isa = PBXFileReference; lastKnownFileType = text.plist.xml; path = Info.plist; sourceTree = "<group>"; };
		E05D5D4F22D8F303002BD4EF /* ChellengeFeriasTests.xctest */ = {isa = PBXFileReference; explicitFileType = wrapper.cfbundle; includeInIndex = 0; path = ChellengeFeriasTests.xctest; sourceTree = BUILT_PRODUCTS_DIR; };
		E05D5D5322D8F303002BD4EF /* ChellengeFeriasTests.swift */ = {isa = PBXFileReference; lastKnownFileType = sourcecode.swift; path = ChellengeFeriasTests.swift; sourceTree = "<group>"; };
		E05D5D5522D8F303002BD4EF /* Info.plist */ = {isa = PBXFileReference; lastKnownFileType = text.plist.xml; path = Info.plist; sourceTree = "<group>"; };
		E05D5D5A22D8F303002BD4EF /* ChellengeFeriasUITests.xctest */ = {isa = PBXFileReference; explicitFileType = wrapper.cfbundle; includeInIndex = 0; path = ChellengeFeriasUITests.xctest; sourceTree = BUILT_PRODUCTS_DIR; };
		E05D5D5E22D8F303002BD4EF /* ChellengeFeriasUITests.swift */ = {isa = PBXFileReference; lastKnownFileType = sourcecode.swift; path = ChellengeFeriasUITests.swift; sourceTree = "<group>"; };
		E05D5D6022D8F303002BD4EF /* Info.plist */ = {isa = PBXFileReference; lastKnownFileType = text.plist.xml; path = Info.plist; sourceTree = "<group>"; };
		E064D28322F37D3C00912690 /* PermanenceService.swift */ = {isa = PBXFileReference; lastKnownFileType = sourcecode.swift; path = PermanenceService.swift; sourceTree = "<group>"; };
		E064D28922F49F8700912690 /* CoreData.xcdatamodel */ = {isa = PBXFileReference; lastKnownFileType = wrapper.xcdatamodel; path = CoreData.xcdatamodel; sourceTree = "<group>"; };
		E064D29122F4A57300912690 /* NoticiasSalvasTVC.swift */ = {isa = PBXFileReference; lastKnownFileType = sourcecode.swift; path = NoticiasSalvasTVC.swift; sourceTree = "<group>"; };
		E064D29322F4AC2C00912690 /* NoticiasSalvasCellCard.swift */ = {isa = PBXFileReference; lastKnownFileType = sourcecode.swift; path = NoticiasSalvasCellCard.swift; sourceTree = "<group>"; };
		E064D29722F4AF1900912690 /* NoticiaSalvaTVC.swift */ = {isa = PBXFileReference; lastKnownFileType = sourcecode.swift; path = NoticiaSalvaTVC.swift; sourceTree = "<group>"; };
		E064D29A22F4B0D700912690 /* NoticiaSalvaImagemCell.swift */ = {isa = PBXFileReference; lastKnownFileType = sourcecode.swift; path = NoticiaSalvaImagemCell.swift; sourceTree = "<group>"; };
		E064D29C22F4B18B00912690 /* NoticiaSalvaTituloCell.swift */ = {isa = PBXFileReference; lastKnownFileType = sourcecode.swift; path = NoticiaSalvaTituloCell.swift; sourceTree = "<group>"; };
		E064D29E22F4B22400912690 /* NoticiaSalvaConteudoCell.swift */ = {isa = PBXFileReference; lastKnownFileType = sourcecode.swift; path = NoticiaSalvaConteudoCell.swift; sourceTree = "<group>"; };
		E064D2A022F4B76800912690 /* NewsSave+CoreDataClass.swift */ = {isa = PBXFileReference; lastKnownFileType = sourcecode.swift; path = "NewsSave+CoreDataClass.swift"; sourceTree = "<group>"; };
		E064D2A122F4B76800912690 /* NewsSave+CoreDataProperties.swift */ = {isa = PBXFileReference; lastKnownFileType = sourcecode.swift; path = "NewsSave+CoreDataProperties.swift"; sourceTree = "<group>"; };
		E064D2A422F4D0EC00912690 /* fileHelper.swift */ = {isa = PBXFileReference; lastKnownFileType = sourcecode.swift; path = fileHelper.swift; sourceTree = "<group>"; };
		E064D2A622F4EBA300912690 /* deleteAll.swift */ = {isa = PBXFileReference; lastKnownFileType = sourcecode.swift; path = deleteAll.swift; sourceTree = "<group>"; };
		E07FDA5022DCDDC900FBB5AB /* Anonymous_Pro_B.ttf */ = {isa = PBXFileReference; lastKnownFileType = file; path = Anonymous_Pro_B.ttf; sourceTree = "<group>"; };
		E07FDA9222E282B600FBB5AB /* NewsCellCard.swift */ = {isa = PBXFileReference; lastKnownFileType = sourcecode.swift; path = NewsCellCard.swift; sourceTree = "<group>"; };
		E07FDA9422E283A000FBB5AB /* News.swift */ = {isa = PBXFileReference; lastKnownFileType = sourcecode.swift; path = News.swift; sourceTree = "<group>"; };
		E07FDA9622E2895C00FBB5AB /* NewsTVC.swift */ = {isa = PBXFileReference; lastKnownFileType = sourcecode.swift; path = NewsTVC.swift; sourceTree = "<group>"; };
		E07FDA9822E28F6D00FBB5AB /* NoticiaTVC.swift */ = {isa = PBXFileReference; lastKnownFileType = sourcecode.swift; path = NoticiaTVC.swift; sourceTree = "<group>"; };
		E07FDA9A22E2989D00FBB5AB /* NoticiaCellFoto.swift */ = {isa = PBXFileReference; lastKnownFileType = sourcecode.swift; path = NoticiaCellFoto.swift; sourceTree = "<group>"; };
		E07FDA9C22E29AAA00FBB5AB /* NoticiaConteudoCell.swift */ = {isa = PBXFileReference; lastKnownFileType = sourcecode.swift; path = NoticiaConteudoCell.swift; sourceTree = "<group>"; };
		E0BAA7BB22EB3F74008E1AA1 /* NoticiaCellTitulo.swift */ = {isa = PBXFileReference; lastKnownFileType = sourcecode.swift; path = NoticiaCellTitulo.swift; sourceTree = "<group>"; };
		E0BAA88522EE30C2008E1AA1 /* Notifications.json */ = {isa = PBXFileReference; fileEncoding = 4; lastKnownFileType = text.json; path = Notifications.json; sourceTree = "<group>"; };
		E0BAA88922EE338B008E1AA1 /* NotificacoesTVC.swift */ = {isa = PBXFileReference; lastKnownFileType = sourcecode.swift; path = NotificacoesTVC.swift; sourceTree = "<group>"; };
		E0BAA88D22EF6B0E008E1AA1 /* Notifications.swift */ = {isa = PBXFileReference; lastKnownFileType = sourcecode.swift; path = Notifications.swift; sourceTree = "<group>"; };
		E0BAA88F22F26391008E1AA1 /* Images.xcassets */ = {isa = PBXFileReference; lastKnownFileType = folder.assetcatalog; path = Images.xcassets; sourceTree = "<group>"; };
		E0BAA89122F3527C008E1AA1 /* cardKatie.png */ = {isa = PBXFileReference; lastKnownFileType = image.png; path = cardKatie.png; sourceTree = "<group>"; };
/* End PBXFileReference section */

/* Begin PBXFrameworksBuildPhase section */
		E05D5D3822D8F301002BD4EF /* Frameworks */ = {
			isa = PBXFrameworksBuildPhase;
			buildActionMask = 2147483647;
			files = (
			);
			runOnlyForDeploymentPostprocessing = 0;
		};
		E05D5D4C22D8F303002BD4EF /* Frameworks */ = {
			isa = PBXFrameworksBuildPhase;
			buildActionMask = 2147483647;
			files = (
			);
			runOnlyForDeploymentPostprocessing = 0;
		};
		E05D5D5722D8F303002BD4EF /* Frameworks */ = {
			isa = PBXFrameworksBuildPhase;
			buildActionMask = 2147483647;
			files = (
			);
			runOnlyForDeploymentPostprocessing = 0;
		};
/* End PBXFrameworksBuildPhase section */

/* Begin PBXGroup section */
		E05D5D3222D8F301002BD4EF = {
			isa = PBXGroup;
			children = (
				E064D29122F4A57300912690 /* NoticiasSalvasTVC.swift */,
				E064D29322F4AC2C00912690 /* NoticiasSalvasCellCard.swift */,
				E064D29722F4AF1900912690 /* NoticiaSalvaTVC.swift */,
				E064D29A22F4B0D700912690 /* NoticiaSalvaImagemCell.swift */,
				E064D29C22F4B18B00912690 /* NoticiaSalvaTituloCell.swift */,
				E064D29E22F4B22400912690 /* NoticiaSalvaConteudoCell.swift */,
				E064D2A422F4D0EC00912690 /* fileHelper.swift */,
				E064D29922F4B0AD00912690 /* CoreData */,
				E064D28722F37D7600912690 /* Pagina Notificacao */,
				E07FDAA322E63DF100FBB5AB /* Pagina Noticias */,
				E05D5D3D22D8F301002BD4EF /* ChellengeFerias */,
				E05D5D5222D8F303002BD4EF /* ChellengeFeriasTests */,
				E05D5D5D22D8F303002BD4EF /* ChellengeFeriasUITests */,
				E05D5D3C22D8F301002BD4EF /* Products */,
				E07FDA5022DCDDC900FBB5AB /* Anonymous_Pro_B.ttf */,
			);
			sourceTree = "<group>";
		};
		E05D5D3C22D8F301002BD4EF /* Products */ = {
			isa = PBXGroup;
			children = (
				E05D5D3B22D8F301002BD4EF /* ChellengeFerias.app */,
				E05D5D4F22D8F303002BD4EF /* ChellengeFeriasTests.xctest */,
				E05D5D5A22D8F303002BD4EF /* ChellengeFeriasUITests.xctest */,
			);
			name = Products;
			sourceTree = "<group>";
		};
		E05D5D3D22D8F301002BD4EF /* ChellengeFerias */ = {
			isa = PBXGroup;
			children = (
				E05D5D4222D8F301002BD4EF /* Main.storyboard */,
				E0BAA89122F3527C008E1AA1 /* cardKatie.png */,
				E05D5D3E22D8F301002BD4EF /* AppDelegate.swift */,
				E05D5D4522D8F303002BD4EF /* Assets.xcassets */,
				E05D5D4722D8F303002BD4EF /* LaunchScreen.storyboard */,
				E05D5D4A22D8F303002BD4EF /* Info.plist */,
				E0BAA88F22F26391008E1AA1 /* Images.xcassets */,
			);
			path = ChellengeFerias;
			sourceTree = "<group>";
		};
		E05D5D5222D8F303002BD4EF /* ChellengeFeriasTests */ = {
			isa = PBXGroup;
			children = (
				E05D5D5322D8F303002BD4EF /* ChellengeFeriasTests.swift */,
				E05D5D5522D8F303002BD4EF /* Info.plist */,
			);
			path = ChellengeFeriasTests;
			sourceTree = "<group>";
		};
		E05D5D5D22D8F303002BD4EF /* ChellengeFeriasUITests */ = {
			isa = PBXGroup;
			children = (
				E05D5D5E22D8F303002BD4EF /* ChellengeFeriasUITests.swift */,
				E05D5D6022D8F303002BD4EF /* Info.plist */,
			);
			path = ChellengeFeriasUITests;
			sourceTree = "<group>";
		};
		E064D28722F37D7600912690 /* Pagina Notificacao */ = {
			isa = PBXGroup;
			children = (
				E0BAA88522EE30C2008E1AA1 /* Notifications.json */,
				E0BAA88D22EF6B0E008E1AA1 /* Notifications.swift */,
				E0BAA88922EE338B008E1AA1 /* NotificacoesTVC.swift */,
			);
			name = "Pagina Notificacao";
			sourceTree = "<group>";
		};
		E064D29922F4B0AD00912690 /* CoreData */ = {
			isa = PBXGroup;
			children = (
				E064D28322F37D3C00912690 /* PermanenceService.swift */,
				E064D28822F49F8700912690 /* CoreData.xcdatamodeld */,
				E064D2A022F4B76800912690 /* NewsSave+CoreDataClass.swift */,
				E064D2A122F4B76800912690 /* NewsSave+CoreDataProperties.swift */,
				E064D2A622F4EBA300912690 /* deleteAll.swift */,
			);
			name = CoreData;
			sourceTree = "<group>";
		};
		E07FDAA322E63DF100FBB5AB /* Pagina Noticias */ = {
			isa = PBXGroup;
			children = (
				E07FDA9422E283A000FBB5AB /* News.swift */,
				E07FDA9622E2895C00FBB5AB /* NewsTVC.swift */,
				E07FDA9222E282B600FBB5AB /* NewsCellCard.swift */,
				E07FDA9822E28F6D00FBB5AB /* NoticiaTVC.swift */,
				E07FDA9A22E2989D00FBB5AB /* NoticiaCellFoto.swift */,
				E0BAA7BB22EB3F74008E1AA1 /* NoticiaCellTitulo.swift */,
				E07FDA9C22E29AAA00FBB5AB /* NoticiaConteudoCell.swift */,
			);
			path = "Pagina Noticias";
			sourceTree = "<group>";
		};
/* End PBXGroup section */

/* Begin PBXNativeTarget section */
		E05D5D3A22D8F301002BD4EF /* ChellengeFerias */ = {
			isa = PBXNativeTarget;
			buildConfigurationList = E05D5D6322D8F303002BD4EF /* Build configuration list for PBXNativeTarget "ChellengeFerias" */;
			buildPhases = (
				E05D5D3722D8F301002BD4EF /* Sources */,
				E05D5D3822D8F301002BD4EF /* Frameworks */,
				E05D5D3922D8F301002BD4EF /* Resources */,
			);
			buildRules = (
			);
			dependencies = (
			);
			name = ChellengeFerias;
			productName = ChellengeFerias;
			productReference = E05D5D3B22D8F301002BD4EF /* ChellengeFerias.app */;
			productType = "com.apple.product-type.application";
		};
		E05D5D4E22D8F303002BD4EF /* ChellengeFeriasTests */ = {
			isa = PBXNativeTarget;
			buildConfigurationList = E05D5D6622D8F303002BD4EF /* Build configuration list for PBXNativeTarget "ChellengeFeriasTests" */;
			buildPhases = (
				E05D5D4B22D8F303002BD4EF /* Sources */,
				E05D5D4C22D8F303002BD4EF /* Frameworks */,
				E05D5D4D22D8F303002BD4EF /* Resources */,
			);
			buildRules = (
			);
			dependencies = (
				E05D5D5122D8F303002BD4EF /* PBXTargetDependency */,
			);
			name = ChellengeFeriasTests;
			productName = ChellengeFeriasTests;
			productReference = E05D5D4F22D8F303002BD4EF /* ChellengeFeriasTests.xctest */;
			productType = "com.apple.product-type.bundle.unit-test";
		};
		E05D5D5922D8F303002BD4EF /* ChellengeFeriasUITests */ = {
			isa = PBXNativeTarget;
			buildConfigurationList = E05D5D6922D8F303002BD4EF /* Build configuration list for PBXNativeTarget "ChellengeFeriasUITests" */;
			buildPhases = (
				E05D5D5622D8F303002BD4EF /* Sources */,
				E05D5D5722D8F303002BD4EF /* Frameworks */,
				E05D5D5822D8F303002BD4EF /* Resources */,
			);
			buildRules = (
			);
			dependencies = (
				E05D5D5C22D8F303002BD4EF /* PBXTargetDependency */,
			);
			name = ChellengeFeriasUITests;
			productName = ChellengeFeriasUITests;
			productReference = E05D5D5A22D8F303002BD4EF /* ChellengeFeriasUITests.xctest */;
			productType = "com.apple.product-type.bundle.ui-testing";
		};
/* End PBXNativeTarget section */

/* Begin PBXProject section */
		E05D5D3322D8F301002BD4EF /* Project object */ = {
			isa = PBXProject;
			attributes = {
				LastSwiftUpdateCheck = 1020;
				LastUpgradeCheck = 1020;
				ORGANIZATIONNAME = "Rayane Xavier";
				TargetAttributes = {
					E05D5D3A22D8F301002BD4EF = {
						CreatedOnToolsVersion = 10.2.1;
					};
					E05D5D4E22D8F303002BD4EF = {
						CreatedOnToolsVersion = 10.2.1;
						TestTargetID = E05D5D3A22D8F301002BD4EF;
					};
					E05D5D5922D8F303002BD4EF = {
						CreatedOnToolsVersion = 10.2.1;
						TestTargetID = E05D5D3A22D8F301002BD4EF;
					};
				};
			};
			buildConfigurationList = E05D5D3622D8F301002BD4EF /* Build configuration list for PBXProject "ChellengeFerias" */;
			compatibilityVersion = "Xcode 9.3";
			developmentRegion = en;
			hasScannedForEncodings = 0;
			knownRegions = (
				en,
				Base,
			);
			mainGroup = E05D5D3222D8F301002BD4EF;
			productRefGroup = E05D5D3C22D8F301002BD4EF /* Products */;
			projectDirPath = "";
			projectRoot = "";
			targets = (
				E05D5D3A22D8F301002BD4EF /* ChellengeFerias */,
				E05D5D4E22D8F303002BD4EF /* ChellengeFeriasTests */,
				E05D5D5922D8F303002BD4EF /* ChellengeFeriasUITests */,
			);
		};
/* End PBXProject section */

/* Begin PBXResourcesBuildPhase section */
		E05D5D3922D8F301002BD4EF /* Resources */ = {
			isa = PBXResourcesBuildPhase;
			buildActionMask = 2147483647;
			files = (
				E0BAA89222F3527C008E1AA1 /* cardKatie.png in Resources */,
				E05D5D4922D8F303002BD4EF /* LaunchScreen.storyboard in Resources */,
				E05D5D4622D8F303002BD4EF /* Assets.xcassets in Resources */,
				E0BAA89022F26391008E1AA1 /* Images.xcassets in Resources */,
				E0BAA88622EE30C2008E1AA1 /* Notifications.json in Resources */,
				E07FDA5122DCDDC900FBB5AB /* Anonymous_Pro_B.ttf in Resources */,
				E05D5D4422D8F301002BD4EF /* Main.storyboard in Resources */,
			);
			runOnlyForDeploymentPostprocessing = 0;
		};
		E05D5D4D22D8F303002BD4EF /* Resources */ = {
			isa = PBXResourcesBuildPhase;
			buildActionMask = 2147483647;
			files = (
			);
			runOnlyForDeploymentPostprocessing = 0;
		};
		E05D5D5822D8F303002BD4EF /* Resources */ = {
			isa = PBXResourcesBuildPhase;
			buildActionMask = 2147483647;
			files = (
			);
			runOnlyForDeploymentPostprocessing = 0;
		};
/* End PBXResourcesBuildPhase section */

/* Begin PBXSourcesBuildPhase section */
		E05D5D3722D8F301002BD4EF /* Sources */ = {
			isa = PBXSourcesBuildPhase;
			buildActionMask = 2147483647;
			files = (
				E07FDA9322E282B600FBB5AB /* NewsCellCard.swift in Sources */,
				E064D2A322F4B76800912690 /* NewsSave+CoreDataProperties.swift in Sources */,
				E064D29B22F4B0D700912690 /* NoticiaSalvaImagemCell.swift in Sources */,
				E064D29D22F4B18B00912690 /* NoticiaSalvaTituloCell.swift in Sources */,
				E064D29822F4AF1900912690 /* NoticiaSalvaTVC.swift in Sources */,
				E064D28A22F49F8800912690 /* CoreData.xcdatamodeld in Sources */,
				E07FDA9722E2895C00FBB5AB /* NewsTVC.swift in Sources */,
				E07FDA9D22E29AAA00FBB5AB /* NoticiaConteudoCell.swift in Sources */,
				E064D29422F4AC2C00912690 /* NoticiasSalvasCellCard.swift in Sources */,
				E064D2A522F4D0ED00912690 /* fileHelper.swift in Sources */,
				E064D29222F4A57300912690 /* NoticiasSalvasTVC.swift in Sources */,
				E07FDA9522E283A000FBB5AB /* News.swift in Sources */,
				E0BAA88E22EF6B0E008E1AA1 /* Notifications.swift in Sources */,
				E064D28422F37D3C00912690 /* PermanenceService.swift in Sources */,
				E064D2A222F4B76800912690 /* NewsSave+CoreDataClass.swift in Sources */,
				E0BAA88A22EE338B008E1AA1 /* NotificacoesTVC.swift in Sources */,
				E05D5D3F22D8F301002BD4EF /* AppDelegate.swift in Sources */,
				E064D29F22F4B22400912690 /* NoticiaSalvaConteudoCell.swift in Sources */,
				E07FDA9922E28F6D00FBB5AB /* NoticiaTVC.swift in Sources */,
				E07FDA9B22E2989D00FBB5AB /* NoticiaCellFoto.swift in Sources */,
				E064D2A722F4EBA300912690 /* deleteAll.swift in Sources */,
				E0BAA7BC22EB3F74008E1AA1 /* NoticiaCellTitulo.swift in Sources */,
			);
			runOnlyForDeploymentPostprocessing = 0;
		};
		E05D5D4B22D8F303002BD4EF /* Sources */ = {
			isa = PBXSourcesBuildPhase;
			buildActionMask = 2147483647;
			files = (
				E05D5D5422D8F303002BD4EF /* ChellengeFeriasTests.swift in Sources */,
			);
			runOnlyForDeploymentPostprocessing = 0;
		};
		E05D5D5622D8F303002BD4EF /* Sources */ = {
			isa = PBXSourcesBuildPhase;
			buildActionMask = 2147483647;
			files = (
				E05D5D5F22D8F303002BD4EF /* ChellengeFeriasUITests.swift in Sources */,
			);
			runOnlyForDeploymentPostprocessing = 0;
		};
/* End PBXSourcesBuildPhase section */

/* Begin PBXTargetDependency section */
		E05D5D5122D8F303002BD4EF /* PBXTargetDependency */ = {
			isa = PBXTargetDependency;
			target = E05D5D3A22D8F301002BD4EF /* ChellengeFerias */;
			targetProxy = E05D5D5022D8F303002BD4EF /* PBXContainerItemProxy */;
		};
		E05D5D5C22D8F303002BD4EF /* PBXTargetDependency */ = {
			isa = PBXTargetDependency;
			target = E05D5D3A22D8F301002BD4EF /* ChellengeFerias */;
			targetProxy = E05D5D5B22D8F303002BD4EF /* PBXContainerItemProxy */;
		};
/* End PBXTargetDependency section */

/* Begin PBXVariantGroup section */
		E05D5D4222D8F301002BD4EF /* Main.storyboard */ = {
			isa = PBXVariantGroup;
			children = (
				E05D5D4322D8F301002BD4EF /* Base */,
			);
			name = Main.storyboard;
			sourceTree = "<group>";
		};
		E05D5D4722D8F303002BD4EF /* LaunchScreen.storyboard */ = {
			isa = PBXVariantGroup;
			children = (
				E05D5D4822D8F303002BD4EF /* Base */,
			);
			name = LaunchScreen.storyboard;
			sourceTree = "<group>";
		};
/* End PBXVariantGroup section */

/* Begin XCBuildConfiguration section */
		E05D5D6122D8F303002BD4EF /* Debug */ = {
			isa = XCBuildConfiguration;
			buildSettings = {
				ALWAYS_SEARCH_USER_PATHS = NO;
				CLANG_ANALYZER_NONNULL = YES;
				CLANG_ANALYZER_NUMBER_OBJECT_CONVERSION = YES_AGGRESSIVE;
				CLANG_CXX_LANGUAGE_STANDARD = "gnu++14";
				CLANG_CXX_LIBRARY = "libc++";
				CLANG_ENABLE_MODULES = YES;
				CLANG_ENABLE_OBJC_ARC = YES;
				CLANG_ENABLE_OBJC_WEAK = YES;
				CLANG_WARN_BLOCK_CAPTURE_AUTORELEASING = YES;
				CLANG_WARN_BOOL_CONVERSION = YES;
				CLANG_WARN_COMMA = YES;
				CLANG_WARN_CONSTANT_CONVERSION = YES;
				CLANG_WARN_DEPRECATED_OBJC_IMPLEMENTATIONS = YES;
				CLANG_WARN_DIRECT_OBJC_ISA_USAGE = YES_ERROR;
				CLANG_WARN_DOCUMENTATION_COMMENTS = YES;
				CLANG_WARN_EMPTY_BODY = YES;
				CLANG_WARN_ENUM_CONVERSION = YES;
				CLANG_WARN_INFINITE_RECURSION = YES;
				CLANG_WARN_INT_CONVERSION = YES;
				CLANG_WARN_NON_LITERAL_NULL_CONVERSION = YES;
				CLANG_WARN_OBJC_IMPLICIT_RETAIN_SELF = YES;
				CLANG_WARN_OBJC_LITERAL_CONVERSION = YES;
				CLANG_WARN_OBJC_ROOT_CLASS = YES_ERROR;
				CLANG_WARN_RANGE_LOOP_ANALYSIS = YES;
				CLANG_WARN_STRICT_PROTOTYPES = YES;
				CLANG_WARN_SUSPICIOUS_MOVE = YES;
				CLANG_WARN_UNGUARDED_AVAILABILITY = YES_AGGRESSIVE;
				CLANG_WARN_UNREACHABLE_CODE = YES;
				CLANG_WARN__DUPLICATE_METHOD_MATCH = YES;
				CODE_SIGN_IDENTITY = "iPhone Developer";
				COPY_PHASE_STRIP = NO;
				DEBUG_INFORMATION_FORMAT = dwarf;
				ENABLE_STRICT_OBJC_MSGSEND = YES;
				ENABLE_TESTABILITY = YES;
				GCC_C_LANGUAGE_STANDARD = gnu11;
				GCC_DYNAMIC_NO_PIC = NO;
				GCC_NO_COMMON_BLOCKS = YES;
				GCC_OPTIMIZATION_LEVEL = 0;
				GCC_PREPROCESSOR_DEFINITIONS = (
					"DEBUG=1",
					"$(inherited)",
				);
				GCC_WARN_64_TO_32_BIT_CONVERSION = YES;
				GCC_WARN_ABOUT_RETURN_TYPE = YES_ERROR;
				GCC_WARN_UNDECLARED_SELECTOR = YES;
				GCC_WARN_UNINITIALIZED_AUTOS = YES_AGGRESSIVE;
				GCC_WARN_UNUSED_FUNCTION = YES;
				GCC_WARN_UNUSED_VARIABLE = YES;
				IPHONEOS_DEPLOYMENT_TARGET = 12.2;
				MTL_ENABLE_DEBUG_INFO = INCLUDE_SOURCE;
				MTL_FAST_MATH = YES;
				ONLY_ACTIVE_ARCH = YES;
				SDKROOT = iphoneos;
				SWIFT_ACTIVE_COMPILATION_CONDITIONS = DEBUG;
				SWIFT_OPTIMIZATION_LEVEL = "-Onone";
			};
			name = Debug;
		};
		E05D5D6222D8F303002BD4EF /* Release */ = {
			isa = XCBuildConfiguration;
			buildSettings = {
				ALWAYS_SEARCH_USER_PATHS = NO;
				CLANG_ANALYZER_NONNULL = YES;
				CLANG_ANALYZER_NUMBER_OBJECT_CONVERSION = YES_AGGRESSIVE;
				CLANG_CXX_LANGUAGE_STANDARD = "gnu++14";
				CLANG_CXX_LIBRARY = "libc++";
				CLANG_ENABLE_MODULES = YES;
				CLANG_ENABLE_OBJC_ARC = YES;
				CLANG_ENABLE_OBJC_WEAK = YES;
				CLANG_WARN_BLOCK_CAPTURE_AUTORELEASING = YES;
				CLANG_WARN_BOOL_CONVERSION = YES;
				CLANG_WARN_COMMA = YES;
				CLANG_WARN_CONSTANT_CONVERSION = YES;
				CLANG_WARN_DEPRECATED_OBJC_IMPLEMENTATIONS = YES;
				CLANG_WARN_DIRECT_OBJC_ISA_USAGE = YES_ERROR;
				CLANG_WARN_DOCUMENTATION_COMMENTS = YES;
				CLANG_WARN_EMPTY_BODY = YES;
				CLANG_WARN_ENUM_CONVERSION = YES;
				CLANG_WARN_INFINITE_RECURSION = YES;
				CLANG_WARN_INT_CONVERSION = YES;
				CLANG_WARN_NON_LITERAL_NULL_CONVERSION = YES;
				CLANG_WARN_OBJC_IMPLICIT_RETAIN_SELF = YES;
				CLANG_WARN_OBJC_LITERAL_CONVERSION = YES;
				CLANG_WARN_OBJC_ROOT_CLASS = YES_ERROR;
				CLANG_WARN_RANGE_LOOP_ANALYSIS = YES;
				CLANG_WARN_STRICT_PROTOTYPES = YES;
				CLANG_WARN_SUSPICIOUS_MOVE = YES;
				CLANG_WARN_UNGUARDED_AVAILABILITY = YES_AGGRESSIVE;
				CLANG_WARN_UNREACHABLE_CODE = YES;
				CLANG_WARN__DUPLICATE_METHOD_MATCH = YES;
				CODE_SIGN_IDENTITY = "iPhone Developer";
				COPY_PHASE_STRIP = NO;
				DEBUG_INFORMATION_FORMAT = "dwarf-with-dsym";
				ENABLE_NS_ASSERTIONS = NO;
				ENABLE_STRICT_OBJC_MSGSEND = YES;
				GCC_C_LANGUAGE_STANDARD = gnu11;
				GCC_NO_COMMON_BLOCKS = YES;
				GCC_WARN_64_TO_32_BIT_CONVERSION = YES;
				GCC_WARN_ABOUT_RETURN_TYPE = YES_ERROR;
				GCC_WARN_UNDECLARED_SELECTOR = YES;
				GCC_WARN_UNINITIALIZED_AUTOS = YES_AGGRESSIVE;
				GCC_WARN_UNUSED_FUNCTION = YES;
				GCC_WARN_UNUSED_VARIABLE = YES;
				IPHONEOS_DEPLOYMENT_TARGET = 12.2;
				MTL_ENABLE_DEBUG_INFO = NO;
				MTL_FAST_MATH = YES;
				SDKROOT = iphoneos;
				SWIFT_COMPILATION_MODE = wholemodule;
				SWIFT_OPTIMIZATION_LEVEL = "-O";
				VALIDATE_PRODUCT = YES;
			};
			name = Release;
		};
		E05D5D6422D8F303002BD4EF /* Debug */ = {
			isa = XCBuildConfiguration;
			buildSettings = {
				ASSETCATALOG_COMPILER_APPICON_NAME = "AppIcon-2";
				CODE_SIGN_STYLE = Automatic;
				DEVELOPMENT_TEAM = PUT3745C65;
				INFOPLIST_FILE = ChellengeFerias/Info.plist;
				LD_RUNPATH_SEARCH_PATHS = (
					"$(inherited)",
					"@executable_path/Frameworks",
				);
				PRODUCT_BUNDLE_IDENTIFIER = TableView.ChellengeFerias;
				PRODUCT_NAME = "$(TARGET_NAME)";
				SWIFT_VERSION = 5.0;
				TARGETED_DEVICE_FAMILY = 1;
			};
			name = Debug;
		};
		E05D5D6522D8F303002BD4EF /* Release */ = {
			isa = XCBuildConfiguration;
			buildSettings = {
				ASSETCATALOG_COMPILER_APPICON_NAME = "AppIcon-2";
				CODE_SIGN_STYLE = Automatic;
				DEVELOPMENT_TEAM = PUT3745C65;
				INFOPLIST_FILE = ChellengeFerias/Info.plist;
				LD_RUNPATH_SEARCH_PATHS = (
					"$(inherited)",
					"@executable_path/Frameworks",
				);
				PRODUCT_BUNDLE_IDENTIFIER = TableView.ChellengeFerias;
				PRODUCT_NAME = "$(TARGET_NAME)";
				SWIFT_VERSION = 5.0;
				TARGETED_DEVICE_FAMILY = 1;
			};
			name = Release;
		};
		E05D5D6722D8F303002BD4EF /* Debug */ = {
			isa = XCBuildConfiguration;
			buildSettings = {
				ALWAYS_EMBED_SWIFT_STANDARD_LIBRARIES = YES;
				BUNDLE_LOADER = "$(TEST_HOST)";
				CODE_SIGN_STYLE = Automatic;
				DEVELOPMENT_TEAM = PUT3745C65;
				INFOPLIST_FILE = ChellengeFeriasTests/Info.plist;
				LD_RUNPATH_SEARCH_PATHS = (
					"$(inherited)",
					"@executable_path/Frameworks",
					"@loader_path/Frameworks",
				);
				PRODUCT_BUNDLE_IDENTIFIER = TableView.ChellengeFeriasTests;
				PRODUCT_NAME = "$(TARGET_NAME)";
				SWIFT_VERSION = 5.0;
				TARGETED_DEVICE_FAMILY = "1,2";
				TEST_HOST = "$(BUILT_PRODUCTS_DIR)/ChellengeFerias.app/ChellengeFerias";
			};
			name = Debug;
		};
		E05D5D6822D8F303002BD4EF /* Release */ = {
			isa = XCBuildConfiguration;
			buildSettings = {
				ALWAYS_EMBED_SWIFT_STANDARD_LIBRARIES = YES;
				BUNDLE_LOADER = "$(TEST_HOST)";
				CODE_SIGN_STYLE = Automatic;
				DEVELOPMENT_TEAM = PUT3745C65;
				INFOPLIST_FILE = ChellengeFeriasTests/Info.plist;
				LD_RUNPATH_SEARCH_PATHS = (
					"$(inherited)",
					"@executable_path/Frameworks",
					"@loader_path/Frameworks",
				);
				PRODUCT_BUNDLE_IDENTIFIER = TableView.ChellengeFeriasTests;
				PRODUCT_NAME = "$(TARGET_NAME)";
				SWIFT_VERSION = 5.0;
				TARGETED_DEVICE_FAMILY = "1,2";
				TEST_HOST = "$(BUILT_PRODUCTS_DIR)/ChellengeFerias.app/ChellengeFerias";
			};
			name = Release;
		};
		E05D5D6A22D8F303002BD4EF /* Debug */ = {
			isa = XCBuildConfiguration;
			buildSettings = {
				ALWAYS_EMBED_SWIFT_STANDARD_LIBRARIES = YES;
				CODE_SIGN_STYLE = Automatic;
				DEVELOPMENT_TEAM = PUT3745C65;
				INFOPLIST_FILE = ChellengeFeriasUITests/Info.plist;
				LD_RUNPATH_SEARCH_PATHS = (
					"$(inherited)",
					"@executable_path/Frameworks",
					"@loader_path/Frameworks",
				);
				PRODUCT_BUNDLE_IDENTIFIER = TableView.ChellengeFeriasUITests;
				PRODUCT_NAME = "$(TARGET_NAME)";
				SWIFT_VERSION = 5.0;
				TARGETED_DEVICE_FAMILY = "1,2";
				TEST_TARGET_NAME = ChellengeFerias;
			};
			name = Debug;
		};
		E05D5D6B22D8F303002BD4EF /* Release */ = {
			isa = XCBuildConfiguration;
			buildSettings = {
				ALWAYS_EMBED_SWIFT_STANDARD_LIBRARIES = YES;
				CODE_SIGN_STYLE = Automatic;
				DEVELOPMENT_TEAM = PUT3745C65;
				INFOPLIST_FILE = ChellengeFeriasUITests/Info.plist;
				LD_RUNPATH_SEARCH_PATHS = (
					"$(inherited)",
					"@executable_path/Frameworks",
					"@loader_path/Frameworks",
				);
				PRODUCT_BUNDLE_IDENTIFIER = TableView.ChellengeFeriasUITests;
				PRODUCT_NAME = "$(TARGET_NAME)";
				SWIFT_VERSION = 5.0;
				TARGETED_DEVICE_FAMILY = "1,2";
				TEST_TARGET_NAME = ChellengeFerias;
			};
			name = Release;
		};
/* End XCBuildConfiguration section */

/* Begin XCConfigurationList section */
		E05D5D3622D8F301002BD4EF /* Build configuration list for PBXProject "ChellengeFerias" */ = {
			isa = XCConfigurationList;
			buildConfigurations = (
				E05D5D6122D8F303002BD4EF /* Debug */,
				E05D5D6222D8F303002BD4EF /* Release */,
			);
			defaultConfigurationIsVisible = 0;
			defaultConfigurationName = Release;
		};
		E05D5D6322D8F303002BD4EF /* Build configuration list for PBXNativeTarget "ChellengeFerias" */ = {
			isa = XCConfigurationList;
			buildConfigurations = (
				E05D5D6422D8F303002BD4EF /* Debug */,
				E05D5D6522D8F303002BD4EF /* Release */,
			);
			defaultConfigurationIsVisible = 0;
			defaultConfigurationName = Release;
		};
		E05D5D6622D8F303002BD4EF /* Build configuration list for PBXNativeTarget "ChellengeFeriasTests" */ = {
			isa = XCConfigurationList;
			buildConfigurations = (
				E05D5D6722D8F303002BD4EF /* Debug */,
				E05D5D6822D8F303002BD4EF /* Release */,
			);
			defaultConfigurationIsVisible = 0;
			defaultConfigurationName = Release;
		};
		E05D5D6922D8F303002BD4EF /* Build configuration list for PBXNativeTarget "ChellengeFeriasUITests" */ = {
			isa = XCConfigurationList;
			buildConfigurations = (
				E05D5D6A22D8F303002BD4EF /* Debug */,
				E05D5D6B22D8F303002BD4EF /* Release */,
			);
			defaultConfigurationIsVisible = 0;
			defaultConfigurationName = Release;
		};
/* End XCConfigurationList section */

/* Begin XCVersionGroup section */
		E064D28822F49F8700912690 /* CoreData.xcdatamodeld */ = {
			isa = XCVersionGroup;
			children = (
				E064D28922F49F8700912690 /* CoreData.xcdatamodel */,
			);
			currentVersion = E064D28922F49F8700912690 /* CoreData.xcdatamodel */;
			path = CoreData.xcdatamodeld;
			sourceTree = "<group>";
			versionGroupType = wrapper.xcdatamodel;
		};
/* End XCVersionGroup section */
	};
	rootObject = E05D5D3322D8F301002BD4EF /* Project object */;
}
